// !$*UTF8*$!
{
	archiveVersion = 1;
	classes = {
	};
	objectVersion = 50;
	objects = {

/* Begin PBXBuildFile section */
		187EFE6424C70BDC00A8D6B1 /* NiceNamePrint.h in Headers */ = {isa = PBXBuildFile; fileRef = 187EFE6224C70BDC00A8D6B1 /* NiceNamePrint.h */; settings = {ATTRIBUTES = (Public, ); }; };
		187EFE6B24C70C0000A8D6B1 /* NamePrint.h in Headers */ = {isa = PBXBuildFile; fileRef = 187EFE6A24C70C0000A8D6B1 /* NamePrint.h */; };
		187EFE6D24C70C1C00A8D6B1 /* NamePrint.m in Sources */ = {isa = PBXBuildFile; fileRef = 187EFE6C24C70C1C00A8D6B1 /* NamePrint.m */; };
/* End PBXBuildFile section */

/* Begin PBXFileReference section */
		187EFE5F24C70BDC00A8D6B1 /* NiceNamePrint.framework */ = {isa = PBXFileReference; explicitFileType = wrapper.framework; includeInIndex = 0; path = NiceNamePrint.framework; sourceTree = BUILT_PRODUCTS_DIR; };
		187EFE6224C70BDC00A8D6B1 /* NiceNamePrint.h */ = {isa = PBXFileReference; lastKnownFileType = sourcecode.c.h; path = NiceNamePrint.h; sourceTree = "<group>"; };
		187EFE6324C70BDC00A8D6B1 /* Info.plist */ = {isa = PBXFileReference; lastKnownFileType = text.plist.xml; path = Info.plist; sourceTree = "<group>"; };
		187EFE6A24C70C0000A8D6B1 /* NamePrint.h */ = {isa = PBXFileReference; lastKnownFileType = sourcecode.c.h; path = NamePrint.h; sourceTree = "<group>"; };
		187EFE6C24C70C1C00A8D6B1 /* NamePrint.m */ = {isa = PBXFileReference; lastKnownFileType = sourcecode.c.objc; path = NamePrint.m; sourceTree = "<group>"; };
/* End PBXFileReference section */

/* Begin PBXFrameworksBuildPhase section */
		187EFE5C24C70BDC00A8D6B1 /* Frameworks */ = {
			isa = PBXFrameworksBuildPhase;
			buildActionMask = 2147483647;
			files = (
			);
			runOnlyForDeploymentPostprocessing = 0;
		};
/* End PBXFrameworksBuildPhase section */

/* Begin PBXGroup section */
		187EFE5524C70BDC00A8D6B1 = {
			isa = PBXGroup;
			children = (
				187EFE6124C70BDC00A8D6B1 /* NiceNamePrint */,
				187EFE6024C70BDC00A8D6B1 /* Products */,
			);
			sourceTree = "<group>";
		};
		187EFE6024C70BDC00A8D6B1 /* Products */ = {
			isa = PBXGroup;
			children = (
				187EFE5F24C70BDC00A8D6B1 /* NiceNamePrint.framework */,
			);
			name = Products;
			sourceTree = "<group>";
		};
		187EFE6124C70BDC00A8D6B1 /* NiceNamePrint */ = {
			isa = PBXGroup;
			children = (
				187EFE6224C70BDC00A8D6B1 /* NiceNamePrint.h */,
				187EFE6324C70BDC00A8D6B1 /* Info.plist */,
				187EFE6A24C70C0000A8D6B1 /* NamePrint.h */,
				187EFE6C24C70C1C00A8D6B1 /* NamePrint.m */,
			);
			path = NiceNamePrint;
			sourceTree = "<group>";
		};
/* End PBXGroup section */

/* Begin PBXHeadersBuildPhase section */
		187EFE5A24C70BDC00A8D6B1 /* Headers */ = {
			isa = PBXHeadersBuildPhase;
			buildActionMask = 2147483647;
			files = (
				187EFE6424C70BDC00A8D6B1 /* NiceNamePrint.h in Headers */,
				187EFE6B24C70C0000A8D6B1 /* NamePrint.h in Headers */,
			);
			runOnlyForDeploymentPostprocessing = 0;
		};
/* End PBXHeadersBuildPhase section */

/* Begin PBXNativeTarget section */
		187EFE5E24C70BDC00A8D6B1 /* NiceNamePrint */ = {
			isa = PBXNativeTarget;
			buildConfigurationList = 187EFE6724C70BDC00A8D6B1 /* Build configuration list for PBXNativeTarget "NiceNamePrint" */;
			buildPhases = (
				187EFE5A24C70BDC00A8D6B1 /* Headers */,
				187EFE5B24C70BDC00A8D6B1 /* Sources */,
				187EFE5C24C70BDC00A8D6B1 /* Frameworks */,
				187EFE5D24C70BDC00A8D6B1 /* Resources */,
			);
			buildRules = (
			);
			dependencies = (
			);
			name = NiceNamePrint;
			productName = NiceNamePrint;
			productReference = 187EFE5F24C70BDC00A8D6B1 /* NiceNamePrint.framework */;
			productType = "com.apple.product-type.framework";
		};
/* End PBXNativeTarget section */

/* Begin PBXProject section */
		187EFE5624C70BDC00A8D6B1 /* Project object */ = {
			isa = PBXProject;
			attributes = {
				LastUpgradeCheck = 1150;
				ORGANIZATIONNAME = AmcoItSystems;
				TargetAttributes = {
					187EFE5E24C70BDC00A8D6B1 = {
						CreatedOnToolsVersion = 11.5;
					};
				};
			};
			buildConfigurationList = 187EFE5924C70BDC00A8D6B1 /* Build configuration list for PBXProject "NiceNamePrint" */;
			compatibilityVersion = "Xcode 9.3";
			developmentRegion = en;
			hasScannedForEncodings = 0;
			knownRegions = (
				en,
				Base,
			);
			mainGroup = 187EFE5524C70BDC00A8D6B1;
			productRefGroup = 187EFE6024C70BDC00A8D6B1 /* Products */;
			projectDirPath = "";
			projectRoot = "";
			targets = (
				187EFE5E24C70BDC00A8D6B1 /* NiceNamePrint */,
			);
		};
/* End PBXProject section */

/* Begin PBXResourcesBuildPhase section */
		187EFE5D24C70BDC00A8D6B1 /* Resources */ = {
			isa = PBXResourcesBuildPhase;
			buildActionMask = 2147483647;
			files = (
			);
			runOnlyForDeploymentPostprocessing = 0;
		};
/* End PBXResourcesBuildPhase section */

/* Begin PBXSourcesBuildPhase section */
		187EFE5B24C70BDC00A8D6B1 /* Sources */ = {
			isa = PBXSourcesBuildPhase;
			buildActionMask = 2147483647;
			files = (
				187EFE6D24C70C1C00A8D6B1 /* NamePrint.m in Sources */,
			);
			runOnlyForDeploymentPostprocessing = 0;
		};
/* End PBXSourcesBuildPhase section */

/* Begin XCBuildConfiguration section */
		187EFE6524C70BDC00A8D6B1 /* Debug */ = {
			isa = XCBuildConfiguration;
			buildSettings = {
				ALWAYS_SEARCH_USER_PATHS = NO;
				CLANG_ANALYZER_NONNULL = YES;
				CLANG_ANALYZER_NUMBER_OBJECT_CONVERSION = YES_AGGRESSIVE;
				CLANG_CXX_LANGUAGE_STANDARD = "gnu++14";
				CLANG_CXX_LIBRARY = "libc++";
				CLANG_ENABLE_MODULES = YES;
				CLANG_ENABLE_OBJC_ARC = YES;
				CLANG_ENABLE_OBJC_WEAK = YES;
				CLANG_WARN_BLOCK_CAPTURE_AUTORELEASING = YES;
				CLANG_WARN_BOOL_CONVERSION = YES;
				CLANG_WARN_COMMA = YES;
				CLANG_WARN_CONSTANT_CONVERSION = YES;
				CLANG_WARN_DEPRECATED_OBJC_IMPLEMENTATIONS = YES;
				CLANG_WARN_DIRECT_OBJC_ISA_USAGE = YES_ERROR;
				CLANG_WARN_DOCUMENTATION_COMMENTS = YES;
				CLANG_WARN_EMPTY_BODY = YES;
				CLANG_WARN_ENUM_CONVERSION = YES;
				CLANG_WARN_INFINITE_RECURSION = YES;
				CLANG_WARN_INT_CONVERSION = YES;
				CLANG_WARN_NON_LITERAL_NULL_CONVERSION = YES;
				CLANG_WARN_OBJC_IMPLICIT_RETAIN_SELF = YES;
				CLANG_WARN_OBJC_LITERAL_CONVERSION = YES;
				CLANG_WARN_OBJC_ROOT_CLASS = YES_ERROR;
				CLANG_WARN_RANGE_LOOP_ANALYSIS = YES;
				CLANG_WARN_STRICT_PROTOTYPES = YES;
				CLANG_WARN_SUSPICIOUS_MOVE = YES;
				CLANG_WARN_UNGUARDED_AVAILABILITY = YES_AGGRESSIVE;
				CLANG_WARN_UNREACHABLE_CODE = YES;
				CLANG_WARN__DUPLICATE_METHOD_MATCH = YES;
				COPY_PHASE_STRIP = NO;
				CURRENT_PROJECT_VERSION = 1;
				DEBUG_INFORMATION_FORMAT = dwarf;
				ENABLE_STRICT_OBJC_MSGSEND = YES;
				ENABLE_TESTABILITY = YES;
				GCC_C_LANGUAGE_STANDARD = gnu11;
				GCC_DYNAMIC_NO_PIC = NO;
				GCC_NO_COMMON_BLOCKS = YES;
				GCC_OPTIMIZATION_LEVEL = 0;
				GCC_PREPROCESSOR_DEFINITIONS = (
					"DEBUG=1",
					"$(inherited)",
				);
				GCC_WARN_64_TO_32_BIT_CONVERSION = YES;
				GCC_WARN_ABOUT_RETURN_TYPE = YES_ERROR;
				GCC_WARN_UNDECLARED_SELECTOR = YES;
				GCC_WARN_UNINITIALIZED_AUTOS = YES_AGGRESSIVE;
				GCC_WARN_UNUSED_FUNCTION = YES;
				GCC_WARN_UNUSED_VARIABLE = YES;
				IPHONEOS_DEPLOYMENT_TARGET = 10.0;
				MTL_ENABLE_DEBUG_INFO = INCLUDE_SOURCE;
				MTL_FAST_MATH = YES;
				ONLY_ACTIVE_ARCH = YES;
				SDKROOT = iphoneos;
				VERSIONING_SYSTEM = "apple-generic";
				VERSION_INFO_PREFIX = "";
			};
			name = Debug;
		};
		187EFE6624C70BDC00A8D6B1 /* Release */ = {
			isa = XCBuildConfiguration;
			buildSettings = {
				ALWAYS_SEARCH_USER_PATHS = NO;
				CLANG_ANALYZER_NONNULL = YES;
				CLANG_ANALYZER_NUMBER_OBJECT_CONVERSION = YES_AGGRESSIVE;
				CLANG_CXX_LANGUAGE_STANDARD = "gnu++14";
				CLANG_CXX_LIBRARY = "libc++";
				CLANG_ENABLE_MODULES = YES;
				CLANG_ENABLE_OBJC_ARC = YES;
				CLANG_ENABLE_OBJC_WEAK = YES;
				CLANG_WARN_BLOCK_CAPTURE_AUTORELEASING = YES;
				CLANG_WARN_BOOL_CONVERSION = YES;
				CLANG_WARN_COMMA = YES;
				CLANG_WARN_CONSTANT_CONVERSION = YES;
				CLANG_WARN_DEPRECATED_OBJC_IMPLEMENTATIONS = YES;
				CLANG_WARN_DIRECT_OBJC_ISA_USAGE = YES_ERROR;
				CLANG_WARN_DOCUMENTATION_COMMENTS = YES;
				CLANG_WARN_EMPTY_BODY = YES;
				CLANG_WARN_ENUM_CONVERSION = YES;
				CLANG_WARN_INFINITE_RECURSION = YES;
				CLANG_WARN_INT_CONVERSION = YES;
				CLANG_WARN_NON_LITERAL_NULL_CONVERSION = YES;
				CLANG_WARN_OBJC_IMPLICIT_RETAIN_SELF = YES;
				CLANG_WARN_OBJC_LITERAL_CONVERSION = YES;
				CLANG_WARN_OBJC_ROOT_CLASS = YES_ERROR;
				CLANG_WARN_RANGE_LOOP_ANALYSIS = YES;
				CLANG_WARN_STRICT_PROTOTYPES = YES;
				CLANG_WARN_SUSPICIOUS_MOVE = YES;
				CLANG_WARN_UNGUARDED_AVAILABILITY = YES_AGGRESSIVE;
				CLANG_WARN_UNREACHABLE_CODE = YES;
				CLANG_WARN__DUPLICATE_METHOD_MATCH = YES;
				COPY_PHASE_STRIP = NO;
				CURRENT_PROJECT_VERSION = 1;
				DEBUG_INFORMATION_FORMAT = "dwarf-with-dsym";
				ENABLE_NS_ASSERTIONS = NO;
				ENABLE_STRICT_OBJC_MSGSEND = YES;
				GCC_C_LANGUAGE_STANDARD = gnu11;
				GCC_NO_COMMON_BLOCKS = YES;
				GCC_WARN_64_TO_32_BIT_CONVERSION = YES;
				GCC_WARN_ABOUT_RETURN_TYPE = YES_ERROR;
				GCC_WARN_UNDECLARED_SELECTOR = YES;
				GCC_WARN_UNINITIALIZED_AUTOS = YES_AGGRESSIVE;
				GCC_WARN_UNUSED_FUNCTION = YES;
				GCC_WARN_UNUSED_VARIABLE = YES;
				IPHONEOS_DEPLOYMENT_TARGET = 10.0;
				MTL_ENABLE_DEBUG_INFO = NO;
				MTL_FAST_MATH = YES;
				SDKROOT = iphoneos;
				VALIDATE_PRODUCT = YES;
				VERSIONING_SYSTEM = "apple-generic";
				VERSION_INFO_PREFIX = "";
			};
			name = Release;
		};
		187EFE6824C70BDC00A8D6B1 /* Debug */ = {
			isa = XCBuildConfiguration;
			buildSettings = {
				CODE_SIGN_STYLE = Automatic;
				DEFINES_MODULE = YES;
				DEVELOPMENT_TEAM = 79H546SA95;
				DYLIB_COMPATIBILITY_VERSION = 1;
				DYLIB_CURRENT_VERSION = 1;
				DYLIB_INSTALL_NAME_BASE = "@rpath";
				INFOPLIST_FILE = NiceNamePrint/Info.plist;
				INSTALL_PATH = "$(LOCAL_LIBRARY_DIR)/Frameworks";
				LD_RUNPATH_SEARCH_PATHS = (
					"$(inherited)",
					"@executable_path/Frameworks",
					"@loader_path/Frameworks",
				);
				PRODUCT_BUNDLE_IDENTIFIER = AmcoItSystems.NiceNamePrint;
				PRODUCT_NAME = "$(TARGET_NAME:c99extidentifier)";
				SKIP_INSTALL = YES;
				TARGETED_DEVICE_FAMILY = "1,2";
			};
			name = Debug;
		};
		187EFE6924C70BDC00A8D6B1 /* Release */ = {
			isa = XCBuildConfiguration;
			buildSettings = {
				CODE_SIGN_STYLE = Automatic;
				DEFINES_MODULE = YES;
				DEVELOPMENT_TEAM = 79H546SA95;
				DYLIB_COMPATIBILITY_VERSION = 1;
				DYLIB_CURRENT_VERSION = 1;
				DYLIB_INSTALL_NAME_BASE = "@rpath";
				INFOPLIST_FILE = NiceNamePrint/Info.plist;
				INSTALL_PATH = "$(LOCAL_LIBRARY_DIR)/Frameworks";
				LD_RUNPATH_SEARCH_PATHS = (
					"$(inherited)",
					"@executable_path/Frameworks",
					"@loader_path/Frameworks",
				);
				PRODUCT_BUNDLE_IDENTIFIER = AmcoItSystems.NiceNamePrint;
				PRODUCT_NAME = "$(TARGET_NAME:c99extidentifier)";
				SKIP_INSTALL = YES;
				TARGETED_DEVICE_FAMILY = "1,2";
			};
			name = Release;
		};
/* End XCBuildConfiguration section */

/* Begin XCConfigurationList section */
		187EFE5924C70BDC00A8D6B1 /* Build configuration list for PBXProject "NiceNamePrint" */ = {
			isa = XCConfigurationList;
			buildConfigurations = (
				187EFE6524C70BDC00A8D6B1 /* Debug */,
				187EFE6624C70BDC00A8D6B1 /* Release */,
			);
			defaultConfigurationIsVisible = 0;
			defaultConfigurationName = Release;
		};
		187EFE6724C70BDC00A8D6B1 /* Build configuration list for PBXNativeTarget "NiceNamePrint" */ = {
			isa = XCConfigurationList;
			buildConfigurations = (
				187EFE6824C70BDC00A8D6B1 /* Debug */,
				187EFE6924C70BDC00A8D6B1 /* Release */,
			);
			defaultConfigurationIsVisible = 0;
			defaultConfigurationName = Release;
		};
/* End XCConfigurationList section */
	};
	rootObject = 187EFE5624C70BDC00A8D6B1 /* Project object */;
}
